
Microsoft Visual Studio Solution File, Format Version 12.00
# Visual Studio Version 17
VisualStudioVersion = 17.4.33205.214
MinimumVisualStudioVersion = 10.0.40219.1
Project("{FAE04EC0-301F-11D3-BF4B-00C04F79EFBC}") = "palindromeProgram", "palindromeProgram.csproj", "{772A4721-02EB-457C-80E6-26D1939C13E1}"
EndProject
Global
	GlobalSection(SolutionConfigurationPlatforms) = preSolution
		Debug|Any CPU = Debug|Any CPU
		Release|Any CPU = Release|Any CPU
	EndGlobalSection
	GlobalSection(ProjectConfigurationPlatforms) = postSolution
		{772A4721-02EB-457C-80E6-26D1939C13E1}.Debug|Any CPU.ActiveCfg = Debug|Any CPU
		{772A4721-02EB-457C-80E6-26D1939C13E1}.Debug|Any CPU.Build.0 = Debug|Any CPU
		{772A4721-02EB-457C-80E6-26D1939C13E1}.Release|Any CPU.ActiveCfg = Release|Any CPU
		{772A4721-02EB-457C-80E6-26D1939C13E1}.Release|Any CPU.Build.0 = Release|Any CPU
	EndGlobalSection
	GlobalSection(SolutionProperties) = preSolution
		HideSolutionNode = FALSE
	EndGlobalSection
	GlobalSection(ExtensibilityGlobals) = postSolution
		SolutionGuid = {8FF53841-CDFF-49D5-A39D-80991B7A48EC}
	EndGlobalSection
EndGlobal
